
Microsoft Visual Studio Solution File, Format Version 12.00
# Visual Studio Version 17
VisualStudioVersion = 17.12.35527.113
MinimumVisualStudioVersion = 10.0.40219.1
Project("{FAE04EC0-301F-11D3-BF4B-00C04F79EFBC}") = "BulkyBookWeb", "BulkyWeb\BulkyBookWeb.csproj", "{EA821F2C-825C-49CA-9234-DD7A4AD9606A}"
EndProject
Project("{FAE04EC0-301F-11D3-BF4B-00C04F79EFBC}") = "BulkyBook.DataAccess", "Bulky.DataAccess\BulkyBook.DataAccess.csproj", "{74D0C6BD-7E8A-4625-B049-19BB34579570}"
EndProject
Project("{FAE04EC0-301F-11D3-BF4B-00C04F79EFBC}") = "BulkyBook.Models", "Bulky.Models\BulkyBook.Models.csproj", "{290AAD99-CB98-4003-B7ED-28AE922CF589}"
EndProject
Project("{FAE04EC0-301F-11D3-BF4B-00C04F79EFBC}") = "BulkyBook.Utility", "Bulky.Utility\BulkyBook.Utility.csproj", "{73C922B2-CC4C-4866-ADC9-3385E979DC9C}"
EndProject
Global
	GlobalSection(SolutionConfigurationPlatforms) = preSolution
		Debug|Any CPU = Debug|Any CPU
		Release|Any CPU = Release|Any CPU
	EndGlobalSection
	GlobalSection(ProjectConfigurationPlatforms) = postSolution
		{EA821F2C-825C-49CA-9234-DD7A4AD9606A}.Debug|Any CPU.ActiveCfg = Debug|Any CPU
		{EA821F2C-825C-49CA-9234-DD7A4AD9606A}.Debug|Any CPU.Build.0 = Debug|Any CPU
		{EA821F2C-825C-49CA-9234-DD7A4AD9606A}.Release|Any CPU.ActiveCfg = Release|Any CPU
		{EA821F2C-825C-49CA-9234-DD7A4AD9606A}.Release|Any CPU.Build.0 = Release|Any CPU
		{74D0C6BD-7E8A-4625-B049-19BB34579570}.Debug|Any CPU.ActiveCfg = Debug|Any CPU
		{74D0C6BD-7E8A-4625-B049-19BB34579570}.Debug|Any CPU.Build.0 = Debug|Any CPU
		{74D0C6BD-7E8A-4625-B049-19BB34579570}.Release|Any CPU.ActiveCfg = Release|Any CPU
		{74D0C6BD-7E8A-4625-B049-19BB34579570}.Release|Any CPU.Build.0 = Release|Any CPU
		{290AAD99-CB98-4003-B7ED-28AE922CF589}.Debug|Any CPU.ActiveCfg = Debug|Any CPU
		{290AAD99-CB98-4003-B7ED-28AE922CF589}.Debug|Any CPU.Build.0 = Debug|Any CPU
		{290AAD99-CB98-4003-B7ED-28AE922CF589}.Release|Any CPU.ActiveCfg = Release|Any CPU
		{290AAD99-CB98-4003-B7ED-28AE922CF589}.Release|Any CPU.Build.0 = Release|Any CPU
		{73C922B2-CC4C-4866-ADC9-3385E979DC9C}.Debug|Any CPU.ActiveCfg = Debug|Any CPU
		{73C922B2-CC4C-4866-ADC9-3385E979DC9C}.Debug|Any CPU.Build.0 = Debug|Any CPU
		{73C922B2-CC4C-4866-ADC9-3385E979DC9C}.Release|Any CPU.ActiveCfg = Release|Any CPU
		{73C922B2-CC4C-4866-ADC9-3385E979DC9C}.Release|Any CPU.Build.0 = Release|Any CPU
	EndGlobalSection
	GlobalSection(SolutionProperties) = preSolution
		HideSolutionNode = FALSE
	EndGlobalSection
EndGlobal
